// !$*UTF8*$!
{
	archiveVersion = 1;
	classes = {
	};
	objectVersion = 46;
	objects = {

/* Begin PBXBuildFile section */
		1107753DFFDF31DD8D505934 /* Pods_Swift_SinaDemo.framework in Frameworks */ = {isa = PBXBuildFile; fileRef = 5C89C5967ADEB31B6D06A651 /* Pods_Swift_SinaDemo.framework */; };
		E434FF0C1F1C38FD009FA822 /* CollectionViewModel.swift in Sources */ = {isa = PBXBuildFile; fileRef = E434FF0B1F1C38FD009FA822 /* CollectionViewModel.swift */; };
		E434FF101F1F7FC0009FA822 /* ComposeViewController.swift in Sources */ = {isa = PBXBuildFile; fileRef = E434FF0E1F1F7FC0009FA822 /* ComposeViewController.swift */; };
		E434FF111F1F7FC0009FA822 /* ComposeViewController.xib in Resources */ = {isa = PBXBuildFile; fileRef = E434FF0F1F1F7FC0009FA822 /* ComposeViewController.xib */; };
		E434FF131F1F8224009FA822 /* ComposeTitleView.swift in Sources */ = {isa = PBXBuildFile; fileRef = E434FF121F1F8224009FA822 /* ComposeTitleView.swift */; };
		E434FF151F1F8608009FA822 /* ComposeTextView.swift in Sources */ = {isa = PBXBuildFile; fileRef = E434FF141F1F8608009FA822 /* ComposeTextView.swift */; };
		E434FF191F204325009FA822 /* PicPickerCollectionView.swift in Sources */ = {isa = PBXBuildFile; fileRef = E434FF181F204325009FA822 /* PicPickerCollectionView.swift */; };
		E434FF1C1F204A2B009FA822 /* PicPickerCell.swift in Sources */ = {isa = PBXBuildFile; fileRef = E434FF1A1F204A2B009FA822 /* PicPickerCell.swift */; };
		E434FF1D1F204A2B009FA822 /* PicPickerCell.xib in Resources */ = {isa = PBXBuildFile; fileRef = E434FF1B1F204A2B009FA822 /* PicPickerCell.xib */; };
		E4B04FCF1F0FBC5B004A318E /* UIBarButtonItem-Extension.swift in Sources */ = {isa = PBXBuildFile; fileRef = E4B04FCE1F0FBC5B004A318E /* UIBarButtonItem-Extension.swift */; };
		E4B04FD21F107657004A318E /* TitleButton.swift in Sources */ = {isa = PBXBuildFile; fileRef = E4B04FD11F107657004A318E /* TitleButton.swift */; };
		E4B04FD61F108254004A318E /* PopoverViewController.swift in Sources */ = {isa = PBXBuildFile; fileRef = E4B04FD41F108254004A318E /* PopoverViewController.swift */; };
		E4B04FD71F108254004A318E /* PopoverViewController.xib in Resources */ = {isa = PBXBuildFile; fileRef = E4B04FD51F108254004A318E /* PopoverViewController.xib */; };
		E4B04FD91F10B934004A318E /* PresentatinController.swift in Sources */ = {isa = PBXBuildFile; fileRef = E4B04FD81F10B934004A318E /* PresentatinController.swift */; };
		E4B04FDB1F10D4F0004A318E /* PopoverAnimator.swift in Sources */ = {isa = PBXBuildFile; fileRef = E4B04FDA1F10D4F0004A318E /* PopoverAnimator.swift */; };
		E4B0501B1F13726B004A318E /* Assets.xcassets in Resources */ = {isa = PBXBuildFile; fileRef = E4B0501A1F13726B004A318E /* Assets.xcassets */; };
		E4B0501F1F137565004A318E /* OAuthViewController.swift in Sources */ = {isa = PBXBuildFile; fileRef = E4B0501D1F137565004A318E /* OAuthViewController.swift */; };
		E4B050201F137565004A318E /* OAuthViewController.xib in Resources */ = {isa = PBXBuildFile; fileRef = E4B0501E1F137565004A318E /* OAuthViewController.xib */; };
		E4B050221F13A24B004A318E /* Common.swift in Sources */ = {isa = PBXBuildFile; fileRef = E4B050211F13A24B004A318E /* Common.swift */; };
		E4B050241F13B101004A318E /* NetworkTool.swift in Sources */ = {isa = PBXBuildFile; fileRef = E4B050231F13B101004A318E /* NetworkTool.swift */; };
		E4B050261F1450F7004A318E /* UserAccount.swift in Sources */ = {isa = PBXBuildFile; fileRef = E4B050251F1450F7004A318E /* UserAccount.swift */; };
		E4B050281F14BA48004A318E /* UserAccountViewModel.swift in Sources */ = {isa = PBXBuildFile; fileRef = E4B050271F14BA48004A318E /* UserAccountViewModel.swift */; };
		E4B0502C1F14C8C6004A318E /* WelcomeViewController.swift in Sources */ = {isa = PBXBuildFile; fileRef = E4B0502A1F14C8C6004A318E /* WelcomeViewController.swift */; };
		E4B0502D1F14C8C6004A318E /* WelcomeViewController.xib in Resources */ = {isa = PBXBuildFile; fileRef = E4B0502B1F14C8C6004A318E /* WelcomeViewController.xib */; };
		E4B050301F150570004A318E /* Status.swift in Sources */ = {isa = PBXBuildFile; fileRef = E4B0502F1F150570004A318E /* Status.swift */; };
		E4B050741F15D58D004A318E /* NSDate-Extension.swift in Sources */ = {isa = PBXBuildFile; fileRef = E4B050731F15D58D004A318E /* NSDate-Extension.swift */; };
		E4B050761F15FB4C004A318E /* User.swift in Sources */ = {isa = PBXBuildFile; fileRef = E4B050751F15FB4C004A318E /* User.swift */; };
		E4B050781F160C55004A318E /* StatusViewModel.swift in Sources */ = {isa = PBXBuildFile; fileRef = E4B050771F160C55004A318E /* StatusViewModel.swift */; };
		E4B0507A1F161AFB004A318E /* HomeViewCell.swift in Sources */ = {isa = PBXBuildFile; fileRef = E4B050791F161AFB004A318E /* HomeViewCell.swift */; };
		E4C39FF31F0793E200FE3410 /* AppDelegate.swift in Sources */ = {isa = PBXBuildFile; fileRef = E4C39FF21F0793E200FE3410 /* AppDelegate.swift */; };
		E4C39FF81F0793E200FE3410 /* Main.storyboard in Resources */ = {isa = PBXBuildFile; fileRef = E4C39FF61F0793E200FE3410 /* Main.storyboard */; };
		E4C39FFD1F0793E200FE3410 /* LaunchScreen.storyboard in Resources */ = {isa = PBXBuildFile; fileRef = E4C39FFB1F0793E200FE3410 /* LaunchScreen.storyboard */; };
		E4C3A0081F0793E200FE3410 /* Swift_SinaDemoTests.swift in Sources */ = {isa = PBXBuildFile; fileRef = E4C3A0071F0793E200FE3410 /* Swift_SinaDemoTests.swift */; };
		E4C3A0131F0793E200FE3410 /* Swift_SinaDemoUITests.swift in Sources */ = {isa = PBXBuildFile; fileRef = E4C3A0121F0793E200FE3410 /* Swift_SinaDemoUITests.swift */; };
		E4C3A0281F079D3600FE3410 /* MainViewController.swift in Sources */ = {isa = PBXBuildFile; fileRef = E4C3A0271F079D3600FE3410 /* MainViewController.swift */; };
		E4C3A02A1F079E0C00FE3410 /* HomeTableViewController.swift in Sources */ = {isa = PBXBuildFile; fileRef = E4C3A0291F079E0C00FE3410 /* HomeTableViewController.swift */; };
		E4C3A02C1F079E1500FE3410 /* MessageTableViewController.swift in Sources */ = {isa = PBXBuildFile; fileRef = E4C3A02B1F079E1500FE3410 /* MessageTableViewController.swift */; };
		E4C3A02E1F079E2600FE3410 /* DiscoverTableViewController.swift in Sources */ = {isa = PBXBuildFile; fileRef = E4C3A02D1F079E2600FE3410 /* DiscoverTableViewController.swift */; };
		E4C3A0301F079E2E00FE3410 /* ProfileTableViewController.swift in Sources */ = {isa = PBXBuildFile; fileRef = E4C3A02F1F079E2E00FE3410 /* ProfileTableViewController.swift */; };
		E4C3A0801F09EFDF00FE3410 /* Home.storyboard in Resources */ = {isa = PBXBuildFile; fileRef = E4C3A07E1F09EFDF00FE3410 /* Home.storyboard */; };
		E4C3A0821F09F02D00FE3410 /* Message.storyboard in Resources */ = {isa = PBXBuildFile; fileRef = E4C3A0811F09F02D00FE3410 /* Message.storyboard */; };
		E4C3A0851F09F04400FE3410 /* Discover.storyboard in Resources */ = {isa = PBXBuildFile; fileRef = E4C3A0831F09F04400FE3410 /* Discover.storyboard */; };
		E4C3A0871F09F05400FE3410 /* Profile.storyboard in Resources */ = {isa = PBXBuildFile; fileRef = E4C3A0861F09F05400FE3410 /* Profile.storyboard */; };
		E4C3A08A1F09F41A00FE3410 /* PlaceHolde.storyboard in Resources */ = {isa = PBXBuildFile; fileRef = E4C3A0881F09F41A00FE3410 /* PlaceHolde.storyboard */; };
		E4C3A08E1F0A295400FE3410 /* UIButton-Extension.swift in Sources */ = {isa = PBXBuildFile; fileRef = E4C3A08D1F0A295400FE3410 /* UIButton-Extension.swift */; };
		E4C3A0911F0A67CB00FE3410 /* BaseTableViewController.swift in Sources */ = {isa = PBXBuildFile; fileRef = E4C3A0901F0A67CB00FE3410 /* BaseTableViewController.swift */; };
		E4C3A0931F0A698E00FE3410 /* VistitorView.swift in Sources */ = {isa = PBXBuildFile; fileRef = E4C3A0921F0A698E00FE3410 /* VistitorView.swift */; };
		E4C3A0951F0A699900FE3410 /* VistitorView.xib in Resources */ = {isa = PBXBuildFile; fileRef = E4C3A0941F0A699900FE3410 /* VistitorView.xib */; };
/* End PBXBuildFile section */

/* Begin PBXContainerItemProxy section */
		E4C3A0041F0793E200FE3410 /* PBXContainerItemProxy */ = {
			isa = PBXContainerItemProxy;
			containerPortal = E4C39FE71F0793E200FE3410 /* Project object */;
			proxyType = 1;
			remoteGlobalIDString = E4C39FEE1F0793E200FE3410;
			remoteInfo = Swift_SinaDemo;
		};
		E4C3A00F1F0793E200FE3410 /* PBXContainerItemProxy */ = {
			isa = PBXContainerItemProxy;
			containerPortal = E4C39FE71F0793E200FE3410 /* Project object */;
			proxyType = 1;
			remoteGlobalIDString = E4C39FEE1F0793E200FE3410;
			remoteInfo = Swift_SinaDemo;
		};
/* End PBXContainerItemProxy section */

/* Begin PBXFileReference section */
		4FF44213E741C426C64703AD /* Pods-Swift_SinaDemo.release.xcconfig */ = {isa = PBXFileReference; includeInIndex = 1; lastKnownFileType = text.xcconfig; name = "Pods-Swift_SinaDemo.release.xcconfig"; path = "Pods/Target Support Files/Pods-Swift_SinaDemo/Pods-Swift_SinaDemo.release.xcconfig"; sourceTree = "<group>"; };
		5C89C5967ADEB31B6D06A651 /* Pods_Swift_SinaDemo.framework */ = {isa = PBXFileReference; explicitFileType = wrapper.framework; includeInIndex = 0; path = Pods_Swift_SinaDemo.framework; sourceTree = BUILT_PRODUCTS_DIR; };
		C6E28178497DE2C5CB094C99 /* Pods-Swift_SinaDemo.debug.xcconfig */ = {isa = PBXFileReference; includeInIndex = 1; lastKnownFileType = text.xcconfig; name = "Pods-Swift_SinaDemo.debug.xcconfig"; path = "Pods/Target Support Files/Pods-Swift_SinaDemo/Pods-Swift_SinaDemo.debug.xcconfig"; sourceTree = "<group>"; };
		E434FF0B1F1C38FD009FA822 /* CollectionViewModel.swift */ = {isa = PBXFileReference; fileEncoding = 4; lastKnownFileType = sourcecode.swift; path = CollectionViewModel.swift; sourceTree = "<group>"; };
		E434FF0E1F1F7FC0009FA822 /* ComposeViewController.swift */ = {isa = PBXFileReference; fileEncoding = 4; lastKnownFileType = sourcecode.swift; path = ComposeViewController.swift; sourceTree = "<group>"; };
		E434FF0F1F1F7FC0009FA822 /* ComposeViewController.xib */ = {isa = PBXFileReference; fileEncoding = 4; lastKnownFileType = file.xib; path = ComposeViewController.xib; sourceTree = "<group>"; };
		E434FF121F1F8224009FA822 /* ComposeTitleView.swift */ = {isa = PBXFileReference; fileEncoding = 4; lastKnownFileType = sourcecode.swift; path = ComposeTitleView.swift; sourceTree = "<group>"; };
		E434FF141F1F8608009FA822 /* ComposeTextView.swift */ = {isa = PBXFileReference; fileEncoding = 4; lastKnownFileType = sourcecode.swift; path = ComposeTextView.swift; sourceTree = "<group>"; };
		E434FF181F204325009FA822 /* PicPickerCollectionView.swift */ = {isa = PBXFileReference; fileEncoding = 4; lastKnownFileType = sourcecode.swift; path = PicPickerCollectionView.swift; sourceTree = "<group>"; };
		E434FF1A1F204A2B009FA822 /* PicPickerCell.swift */ = {isa = PBXFileReference; fileEncoding = 4; lastKnownFileType = sourcecode.swift; path = PicPickerCell.swift; sourceTree = "<group>"; };
		E434FF1B1F204A2B009FA822 /* PicPickerCell.xib */ = {isa = PBXFileReference; fileEncoding = 4; lastKnownFileType = file.xib; path = PicPickerCell.xib; sourceTree = "<group>"; };
		E4B04FCE1F0FBC5B004A318E /* UIBarButtonItem-Extension.swift */ = {isa = PBXFileReference; fileEncoding = 4; lastKnownFileType = sourcecode.swift; name = "UIBarButtonItem-Extension.swift"; path = "../UIBarButtonItem-Extension.swift"; sourceTree = "<group>"; };
		E4B04FD11F107657004A318E /* TitleButton.swift */ = {isa = PBXFileReference; fileEncoding = 4; lastKnownFileType = sourcecode.swift; path = TitleButton.swift; sourceTree = "<group>"; };
		E4B04FD41F108254004A318E /* PopoverViewController.swift */ = {isa = PBXFileReference; fileEncoding = 4; lastKnownFileType = sourcecode.swift; path = PopoverViewController.swift; sourceTree = "<group>"; };
		E4B04FD51F108254004A318E /* PopoverViewController.xib */ = {isa = PBXFileReference; fileEncoding = 4; lastKnownFileType = file.xib; path = PopoverViewController.xib; sourceTree = "<group>"; };
		E4B04FD81F10B934004A318E /* PresentatinController.swift */ = {isa = PBXFileReference; fileEncoding = 4; lastKnownFileType = sourcecode.swift; path = PresentatinController.swift; sourceTree = "<group>"; };
		E4B04FDA1F10D4F0004A318E /* PopoverAnimator.swift */ = {isa = PBXFileReference; fileEncoding = 4; lastKnownFileType = sourcecode.swift; path = PopoverAnimator.swift; sourceTree = "<group>"; };
		E4B0501A1F13726B004A318E /* Assets.xcassets */ = {isa = PBXFileReference; lastKnownFileType = folder.assetcatalog; path = Assets.xcassets; sourceTree = "<group>"; };
		E4B0501D1F137565004A318E /* OAuthViewController.swift */ = {isa = PBXFileReference; fileEncoding = 4; lastKnownFileType = sourcecode.swift; path = OAuthViewController.swift; sourceTree = "<group>"; };
		E4B0501E1F137565004A318E /* OAuthViewController.xib */ = {isa = PBXFileReference; fileEncoding = 4; lastKnownFileType = file.xib; path = OAuthViewController.xib; sourceTree = "<group>"; };
		E4B050211F13A24B004A318E /* Common.swift */ = {isa = PBXFileReference; fileEncoding = 4; lastKnownFileType = sourcecode.swift; path = Common.swift; sourceTree = "<group>"; };
		E4B050231F13B101004A318E /* NetworkTool.swift */ = {isa = PBXFileReference; fileEncoding = 4; lastKnownFileType = sourcecode.swift; path = NetworkTool.swift; sourceTree = "<group>"; };
		E4B050251F1450F7004A318E /* UserAccount.swift */ = {isa = PBXFileReference; fileEncoding = 4; lastKnownFileType = sourcecode.swift; path = UserAccount.swift; sourceTree = "<group>"; };
		E4B050271F14BA48004A318E /* UserAccountViewModel.swift */ = {isa = PBXFileReference; fileEncoding = 4; lastKnownFileType = sourcecode.swift; path = UserAccountViewModel.swift; sourceTree = "<group>"; };
		E4B0502A1F14C8C6004A318E /* WelcomeViewController.swift */ = {isa = PBXFileReference; fileEncoding = 4; lastKnownFileType = sourcecode.swift; path = WelcomeViewController.swift; sourceTree = "<group>"; };
		E4B0502B1F14C8C6004A318E /* WelcomeViewController.xib */ = {isa = PBXFileReference; fileEncoding = 4; lastKnownFileType = file.xib; path = WelcomeViewController.xib; sourceTree = "<group>"; };
		E4B0502F1F150570004A318E /* Status.swift */ = {isa = PBXFileReference; fileEncoding = 4; lastKnownFileType = sourcecode.swift; path = Status.swift; sourceTree = "<group>"; };
		E4B050731F15D58D004A318E /* NSDate-Extension.swift */ = {isa = PBXFileReference; fileEncoding = 4; lastKnownFileType = sourcecode.swift; path = "NSDate-Extension.swift"; sourceTree = "<group>"; };
		E4B050751F15FB4C004A318E /* User.swift */ = {isa = PBXFileReference; fileEncoding = 4; lastKnownFileType = sourcecode.swift; path = User.swift; sourceTree = "<group>"; };
		E4B050771F160C55004A318E /* StatusViewModel.swift */ = {isa = PBXFileReference; fileEncoding = 4; lastKnownFileType = sourcecode.swift; path = StatusViewModel.swift; sourceTree = "<group>"; };
		E4B050791F161AFB004A318E /* HomeViewCell.swift */ = {isa = PBXFileReference; fileEncoding = 4; lastKnownFileType = sourcecode.swift; path = HomeViewCell.swift; sourceTree = "<group>"; };
		E4C39FEF1F0793E200FE3410 /* Swift_SinaDemo.app */ = {isa = PBXFileReference; explicitFileType = wrapper.application; includeInIndex = 0; path = Swift_SinaDemo.app; sourceTree = BUILT_PRODUCTS_DIR; };
		E4C39FF21F0793E200FE3410 /* AppDelegate.swift */ = {isa = PBXFileReference; lastKnownFileType = sourcecode.swift; path = AppDelegate.swift; sourceTree = "<group>"; };
		E4C39FF71F0793E200FE3410 /* Base */ = {isa = PBXFileReference; lastKnownFileType = file.storyboard; name = Base; path = Base.lproj/Main.storyboard; sourceTree = "<group>"; };
		E4C39FFC1F0793E200FE3410 /* Base */ = {isa = PBXFileReference; lastKnownFileType = file.storyboard; name = Base; path = Base.lproj/LaunchScreen.storyboard; sourceTree = "<group>"; };
		E4C39FFE1F0793E200FE3410 /* Info.plist */ = {isa = PBXFileReference; lastKnownFileType = text.plist.xml; path = Info.plist; sourceTree = "<group>"; };
		E4C3A0031F0793E200FE3410 /* Swift_SinaDemoTests.xctest */ = {isa = PBXFileReference; explicitFileType = wrapper.cfbundle; includeInIndex = 0; path = Swift_SinaDemoTests.xctest; sourceTree = BUILT_PRODUCTS_DIR; };
		E4C3A0071F0793E200FE3410 /* Swift_SinaDemoTests.swift */ = {isa = PBXFileReference; lastKnownFileType = sourcecode.swift; path = Swift_SinaDemoTests.swift; sourceTree = "<group>"; };
		E4C3A0091F0793E200FE3410 /* Info.plist */ = {isa = PBXFileReference; lastKnownFileType = text.plist.xml; path = Info.plist; sourceTree = "<group>"; };
		E4C3A00E1F0793E200FE3410 /* Swift_SinaDemoUITests.xctest */ = {isa = PBXFileReference; explicitFileType = wrapper.cfbundle; includeInIndex = 0; path = Swift_SinaDemoUITests.xctest; sourceTree = BUILT_PRODUCTS_DIR; };
		E4C3A0121F0793E200FE3410 /* Swift_SinaDemoUITests.swift */ = {isa = PBXFileReference; lastKnownFileType = sourcecode.swift; path = Swift_SinaDemoUITests.swift; sourceTree = "<group>"; };
		E4C3A0141F0793E200FE3410 /* Info.plist */ = {isa = PBXFileReference; lastKnownFileType = text.plist.xml; path = Info.plist; sourceTree = "<group>"; };
		E4C3A0271F079D3600FE3410 /* MainViewController.swift */ = {isa = PBXFileReference; fileEncoding = 4; lastKnownFileType = sourcecode.swift; path = MainViewController.swift; sourceTree = "<group>"; };
		E4C3A0291F079E0C00FE3410 /* HomeTableViewController.swift */ = {isa = PBXFileReference; fileEncoding = 4; lastKnownFileType = sourcecode.swift; path = HomeTableViewController.swift; sourceTree = "<group>"; };
		E4C3A02B1F079E1500FE3410 /* MessageTableViewController.swift */ = {isa = PBXFileReference; fileEncoding = 4; lastKnownFileType = sourcecode.swift; path = MessageTableViewController.swift; sourceTree = "<group>"; };
		E4C3A02D1F079E2600FE3410 /* DiscoverTableViewController.swift */ = {isa = PBXFileReference; fileEncoding = 4; lastKnownFileType = sourcecode.swift; path = DiscoverTableViewController.swift; sourceTree = "<group>"; };
		E4C3A02F1F079E2E00FE3410 /* ProfileTableViewController.swift */ = {isa = PBXFileReference; fileEncoding = 4; lastKnownFileType = sourcecode.swift; path = ProfileTableViewController.swift; sourceTree = "<group>"; };
		E4C3A07F1F09EFDF00FE3410 /* Base */ = {isa = PBXFileReference; lastKnownFileType = file.storyboard; name = Base; path = Base.lproj/Home.storyboard; sourceTree = "<group>"; };
		E4C3A0811F09F02D00FE3410 /* Message.storyboard */ = {isa = PBXFileReference; fileEncoding = 4; lastKnownFileType = file.storyboard; name = Message.storyboard; path = ../../Message.storyboard; sourceTree = "<group>"; };
		E4C3A0841F09F04400FE3410 /* Base */ = {isa = PBXFileReference; lastKnownFileType = file.storyboard; name = Base; path = Base.lproj/Discover.storyboard; sourceTree = "<group>"; };
		E4C3A0861F09F05400FE3410 /* Profile.storyboard */ = {isa = PBXFileReference; fileEncoding = 4; lastKnownFileType = file.storyboard; name = Profile.storyboard; path = ../../Profile.storyboard; sourceTree = "<group>"; };
		E4C3A0891F09F41A00FE3410 /* Base */ = {isa = PBXFileReference; lastKnownFileType = file.storyboard; name = Base; path = Base.lproj/PlaceHolde.storyboard; sourceTree = "<group>"; };
		E4C3A08D1F0A295400FE3410 /* UIButton-Extension.swift */ = {isa = PBXFileReference; fileEncoding = 4; lastKnownFileType = sourcecode.swift; name = "UIButton-Extension.swift"; path = "../UIButton-Extension.swift"; sourceTree = "<group>"; };
		E4C3A0901F0A67CB00FE3410 /* BaseTableViewController.swift */ = {isa = PBXFileReference; fileEncoding = 4; lastKnownFileType = sourcecode.swift; name = BaseTableViewController.swift; path = ../../Visitor/BaseTableViewController.swift; sourceTree = "<group>"; };
		E4C3A0921F0A698E00FE3410 /* VistitorView.swift */ = {isa = PBXFileReference; fileEncoding = 4; lastKnownFileType = sourcecode.swift; path = VistitorView.swift; sourceTree = "<group>"; };
		E4C3A0941F0A699900FE3410 /* VistitorView.xib */ = {isa = PBXFileReference; fileEncoding = 4; lastKnownFileType = file.xib; path = VistitorView.xib; sourceTree = "<group>"; };
/* End PBXFileReference section */

/* Begin PBXFrameworksBuildPhase section */
		E4C39FEC1F0793E200FE3410 /* Frameworks */ = {
			isa = PBXFrameworksBuildPhase;
			buildActionMask = 2147483647;
			files = (
				1107753DFFDF31DD8D505934 /* Pods_Swift_SinaDemo.framework in Frameworks */,
			);
			runOnlyForDeploymentPostprocessing = 0;
		};
		E4C3A0001F0793E200FE3410 /* Frameworks */ = {
			isa = PBXFrameworksBuildPhase;
			buildActionMask = 2147483647;
			files = (
			);
			runOnlyForDeploymentPostprocessing = 0;
		};
		E4C3A00B1F0793E200FE3410 /* Frameworks */ = {
			isa = PBXFrameworksBuildPhase;
			buildActionMask = 2147483647;
			files = (
			);
			runOnlyForDeploymentPostprocessing = 0;
		};
/* End PBXFrameworksBuildPhase section */

/* Begin PBXGroup section */
		AF47A7347121BC2B950B928B /* Pods */ = {
			isa = PBXGroup;
			children = (
				C6E28178497DE2C5CB094C99 /* Pods-Swift_SinaDemo.debug.xcconfig */,
				4FF44213E741C426C64703AD /* Pods-Swift_SinaDemo.release.xcconfig */,
			);
			name = Pods;
			sourceTree = "<group>";
		};
		E32EE4463FC9C7A73BCCFF07 /* Frameworks */ = {
			isa = PBXGroup;
			children = (
				5C89C5967ADEB31B6D06A651 /* Pods_Swift_SinaDemo.framework */,
			);
			name = Frameworks;
			sourceTree = "<group>";
		};
		E434FF0D1F1F7FAB009FA822 /* Compose */ = {
			isa = PBXGroup;
			children = (
				E434FF0F1F1F7FC0009FA822 /* ComposeViewController.xib */,
				E434FF0E1F1F7FC0009FA822 /* ComposeViewController.swift */,
				E434FF121F1F8224009FA822 /* ComposeTitleView.swift */,
				E434FF141F1F8608009FA822 /* ComposeTextView.swift */,
				E434FF161F204227009FA822 /* PicPiker */,
			);
			path = Compose;
			sourceTree = "<group>";
		};
		E434FF161F204227009FA822 /* PicPiker */ = {
			isa = PBXGroup;
			children = (
				E434FF181F204325009FA822 /* PicPickerCollectionView.swift */,
				E434FF1A1F204A2B009FA822 /* PicPickerCell.swift */,
				E434FF1B1F204A2B009FA822 /* PicPickerCell.xib */,
			);
			path = PicPiker;
			sourceTree = "<group>";
		};
		E4B04FD01F107636004A318E /* Extension */ = {
			isa = PBXGroup;
			children = (
				E4B050731F15D58D004A318E /* NSDate-Extension.swift */,
				E4C3A08D1F0A295400FE3410 /* UIButton-Extension.swift */,
				E4B04FCE1F0FBC5B004A318E /* UIBarButtonItem-Extension.swift */,
			);
			path = Extension;
			sourceTree = "<group>";
		};
		E4B04FD31F108243004A318E /* UIPopover */ = {
			isa = PBXGroup;
			children = (
				E4B04FD41F108254004A318E /* PopoverViewController.swift */,
				E4B04FD51F108254004A318E /* PopoverViewController.xib */,
				E4B04FD81F10B934004A318E /* PresentatinController.swift */,
				E4B04FDA1F10D4F0004A318E /* PopoverAnimator.swift */,
			);
			path = UIPopover;
			sourceTree = "<group>";
		};
		E4B0501C1F13734C004A318E /* OAuth */ = {
			isa = PBXGroup;
			children = (
				E4B0501E1F137565004A318E /* OAuthViewController.xib */,
				E4B0501D1F137565004A318E /* OAuthViewController.swift */,
				E4B050251F1450F7004A318E /* UserAccount.swift */,
				E4B050271F14BA48004A318E /* UserAccountViewModel.swift */,
			);
			path = OAuth;
			sourceTree = "<group>";
		};
		E4B050291F14C567004A318E /* Welcome */ = {
			isa = PBXGroup;
			children = (
				E4B0502B1F14C8C6004A318E /* WelcomeViewController.xib */,
				E4B0502A1F14C8C6004A318E /* WelcomeViewController.swift */,
			);
			path = Welcome;
			sourceTree = "<group>";
		};
		E4B0502E1F1504BE004A318E /* HomeModel */ = {
			isa = PBXGroup;
			children = (
				E4B0502F1F150570004A318E /* Status.swift */,
				E4B050751F15FB4C004A318E /* User.swift */,
				E4B050771F160C55004A318E /* StatusViewModel.swift */,
			);
			path = HomeModel;
			sourceTree = "<group>";
		};
		E4C39FE61F0793E200FE3410 = {
			isa = PBXGroup;
			children = (
				E4C39FF11F0793E200FE3410 /* Swift_SinaDemo */,
				E4C3A0061F0793E200FE3410 /* Swift_SinaDemoTests */,
				E4C3A0111F0793E200FE3410 /* Swift_SinaDemoUITests */,
				E4C39FF01F0793E200FE3410 /* Products */,
				AF47A7347121BC2B950B928B /* Pods */,
				E32EE4463FC9C7A73BCCFF07 /* Frameworks */,
			);
			sourceTree = "<group>";
		};
		E4C39FF01F0793E200FE3410 /* Products */ = {
			isa = PBXGroup;
			children = (
				E4C39FEF1F0793E200FE3410 /* Swift_SinaDemo.app */,
				E4C3A0031F0793E200FE3410 /* Swift_SinaDemoTests.xctest */,
				E4C3A00E1F0793E200FE3410 /* Swift_SinaDemoUITests.xctest */,
			);
			name = Products;
			sourceTree = "<group>";
		};
		E4C39FF11F0793E200FE3410 /* Swift_SinaDemo */ = {
			isa = PBXGroup;
			children = (
				E4C39FF21F0793E200FE3410 /* AppDelegate.swift */,
				E4C3A08C1F0A293C00FE3410 /* Tools */,
				E4C3A0201F079B8500FE3410 /* Classes */,
				E4C39FF61F0793E200FE3410 /* Main.storyboard */,
				E4C39FFB1F0793E200FE3410 /* LaunchScreen.storyboard */,
				E4C39FFE1F0793E200FE3410 /* Info.plist */,
				E4C3A08B1F09F47F00FE3410 /* Resource */,
			);
			path = Swift_SinaDemo;
			sourceTree = "<group>";
		};
		E4C3A0061F0793E200FE3410 /* Swift_SinaDemoTests */ = {
			isa = PBXGroup;
			children = (
				E4C3A0071F0793E200FE3410 /* Swift_SinaDemoTests.swift */,
				E4C3A0091F0793E200FE3410 /* Info.plist */,
			);
			path = Swift_SinaDemoTests;
			sourceTree = "<group>";
		};
		E4C3A0111F0793E200FE3410 /* Swift_SinaDemoUITests */ = {
			isa = PBXGroup;
			children = (
				E4C3A0121F0793E200FE3410 /* Swift_SinaDemoUITests.swift */,
				E4C3A0141F0793E200FE3410 /* Info.plist */,
			);
			path = Swift_SinaDemoUITests;
			sourceTree = "<group>";
		};
		E4C3A0201F079B8500FE3410 /* Classes */ = {
			isa = PBXGroup;
			children = (
				E434FF0D1F1F7FAB009FA822 /* Compose */,
				E4C3A0231F079B8500FE3410 /* Main */,
				E4C3A0221F079B8500FE3410 /* Home */,
				E4C3A0241F079B8500FE3410 /* Message */,
				E4C3A0211F079B8500FE3410 /* Discover */,
				E4C3A0251F079B8500FE3410 /* Profile */,
			);
			path = Classes;
			sourceTree = "<group>";
		};
		E4C3A0211F079B8500FE3410 /* Discover */ = {
			isa = PBXGroup;
			children = (
				E4C3A02D1F079E2600FE3410 /* DiscoverTableViewController.swift */,
				E4C3A0831F09F04400FE3410 /* Discover.storyboard */,
			);
			path = Discover;
			sourceTree = "<group>";
		};
		E4C3A0221F079B8500FE3410 /* Home */ = {
			isa = PBXGroup;
			children = (
				E4B0502E1F1504BE004A318E /* HomeModel */,
				E4B04FD31F108243004A318E /* UIPopover */,
				E4C3A07E1F09EFDF00FE3410 /* Home.storyboard */,
				E4C3A0291F079E0C00FE3410 /* HomeTableViewController.swift */,
				E4B050791F161AFB004A318E /* HomeViewCell.swift */,
				E434FF0B1F1C38FD009FA822 /* CollectionViewModel.swift */,
			);
			path = Home;
			sourceTree = "<group>";
		};
		E4C3A0231F079B8500FE3410 /* Main */ = {
			isa = PBXGroup;
			children = (
				E4B050291F14C567004A318E /* Welcome */,
				E4B0501C1F13734C004A318E /* OAuth */,
				E4C3A08F1F0A67B900FE3410 /* Visitor */,
				E4C3A0271F079D3600FE3410 /* MainViewController.swift */,
				E4C3A0901F0A67CB00FE3410 /* BaseTableViewController.swift */,
			);
			path = Main;
			sourceTree = "<group>";
		};
		E4C3A0241F079B8500FE3410 /* Message */ = {
			isa = PBXGroup;
			children = (
				E4C3A02B1F079E1500FE3410 /* MessageTableViewController.swift */,
				E4C3A0811F09F02D00FE3410 /* Message.storyboard */,
			);
			path = Message;
			sourceTree = "<group>";
		};
		E4C3A0251F079B8500FE3410 /* Profile */ = {
			isa = PBXGroup;
			children = (
				E4C3A02F1F079E2E00FE3410 /* ProfileTableViewController.swift */,
				E4C3A0861F09F05400FE3410 /* Profile.storyboard */,
			);
			path = Profile;
			sourceTree = "<group>";
		};
		E4C3A08B1F09F47F00FE3410 /* Resource */ = {
			isa = PBXGroup;
			children = (
				E4B0501A1F13726B004A318E /* Assets.xcassets */,
				E4C3A0881F09F41A00FE3410 /* PlaceHolde.storyboard */,
			);
			path = Resource;
			sourceTree = "<group>";
		};
		E4C3A08C1F0A293C00FE3410 /* Tools */ = {
			isa = PBXGroup;
			children = (
				E4B04FD01F107636004A318E /* Extension */,
				E4B04FD11F107657004A318E /* TitleButton.swift */,
				E4B050231F13B101004A318E /* NetworkTool.swift */,
				E4B050211F13A24B004A318E /* Common.swift */,
			);
			path = Tools;
			sourceTree = "<group>";
		};
		E4C3A08F1F0A67B900FE3410 /* Visitor */ = {
			isa = PBXGroup;
			children = (
				E4C3A0921F0A698E00FE3410 /* VistitorView.swift */,
				E4C3A0941F0A699900FE3410 /* VistitorView.xib */,
			);
			name = Visitor;
			path = ../../Visitor;
			sourceTree = "<group>";
		};
/* End PBXGroup section */

/* Begin PBXNativeTarget section */
		E4C39FEE1F0793E200FE3410 /* Swift_SinaDemo */ = {
			isa = PBXNativeTarget;
			buildConfigurationList = E4C3A0171F0793E200FE3410 /* Build configuration list for PBXNativeTarget "Swift_SinaDemo" */;
			buildPhases = (
				7AB6683EEF172AF4D70310FE /* [CP] Check Pods Manifest.lock */,
				E4C39FEB1F0793E200FE3410 /* Sources */,
				E4C39FEC1F0793E200FE3410 /* Frameworks */,
				E4C39FED1F0793E200FE3410 /* Resources */,
				438B34FBA562F0EBFEA8881D /* [CP] Embed Pods Frameworks */,
				3B9F33A7E46E2E2B5AEBD1EE /* [CP] Copy Pods Resources */,
			);
			buildRules = (
			);
			dependencies = (
			);
			name = Swift_SinaDemo;
			productName = Swift_SinaDemo;
			productReference = E4C39FEF1F0793E200FE3410 /* Swift_SinaDemo.app */;
			productType = "com.apple.product-type.application";
		};
		E4C3A0021F0793E200FE3410 /* Swift_SinaDemoTests */ = {
			isa = PBXNativeTarget;
			buildConfigurationList = E4C3A01A1F0793E200FE3410 /* Build configuration list for PBXNativeTarget "Swift_SinaDemoTests" */;
			buildPhases = (
				E4C39FFF1F0793E200FE3410 /* Sources */,
				E4C3A0001F0793E200FE3410 /* Frameworks */,
				E4C3A0011F0793E200FE3410 /* Resources */,
			);
			buildRules = (
			);
			dependencies = (
				E4C3A0051F0793E200FE3410 /* PBXTargetDependency */,
			);
			name = Swift_SinaDemoTests;
			productName = Swift_SinaDemoTests;
			productReference = E4C3A0031F0793E200FE3410 /* Swift_SinaDemoTests.xctest */;
			productType = "com.apple.product-type.bundle.unit-test";
		};
		E4C3A00D1F0793E200FE3410 /* Swift_SinaDemoUITests */ = {
			isa = PBXNativeTarget;
			buildConfigurationList = E4C3A01D1F0793E200FE3410 /* Build configuration list for PBXNativeTarget "Swift_SinaDemoUITests" */;
			buildPhases = (
				E4C3A00A1F0793E200FE3410 /* Sources */,
				E4C3A00B1F0793E200FE3410 /* Frameworks */,
				E4C3A00C1F0793E200FE3410 /* Resources */,
			);
			buildRules = (
			);
			dependencies = (
				E4C3A0101F0793E200FE3410 /* PBXTargetDependency */,
			);
			name = Swift_SinaDemoUITests;
			productName = Swift_SinaDemoUITests;
			productReference = E4C3A00E1F0793E200FE3410 /* Swift_SinaDemoUITests.xctest */;
			productType = "com.apple.product-type.bundle.ui-testing";
		};
/* End PBXNativeTarget section */

/* Begin PBXProject section */
		E4C39FE71F0793E200FE3410 /* Project object */ = {
			isa = PBXProject;
			attributes = {
				LastSwiftUpdateCheck = 0830;
				LastUpgradeCheck = 0830;
				ORGANIZATIONNAME = CaptainSir;
				TargetAttributes = {
					E4C39FEE1F0793E200FE3410 = {
						CreatedOnToolsVersion = 8.3.2;
						DevelopmentTeam = 5TU5547C6N;
						ProvisioningStyle = Automatic;
					};
					E4C3A0021F0793E200FE3410 = {
						CreatedOnToolsVersion = 8.3.2;
						DevelopmentTeam = 5TU5547C6N;
						ProvisioningStyle = Automatic;
						TestTargetID = E4C39FEE1F0793E200FE3410;
					};
					E4C3A00D1F0793E200FE3410 = {
						CreatedOnToolsVersion = 8.3.2;
						DevelopmentTeam = 5TU5547C6N;
						ProvisioningStyle = Automatic;
						TestTargetID = E4C39FEE1F0793E200FE3410;
					};
				};
			};
			buildConfigurationList = E4C39FEA1F0793E200FE3410 /* Build configuration list for PBXProject "Swift_SinaDemo" */;
			compatibilityVersion = "Xcode 3.2";
			developmentRegion = English;
			hasScannedForEncodings = 0;
			knownRegions = (
				en,
				Base,
			);
			mainGroup = E4C39FE61F0793E200FE3410;
			productRefGroup = E4C39FF01F0793E200FE3410 /* Products */;
			projectDirPath = "";
			projectRoot = "";
			targets = (
				E4C39FEE1F0793E200FE3410 /* Swift_SinaDemo */,
				E4C3A0021F0793E200FE3410 /* Swift_SinaDemoTests */,
				E4C3A00D1F0793E200FE3410 /* Swift_SinaDemoUITests */,
			);
		};
/* End PBXProject section */

/* Begin PBXResourcesBuildPhase section */
		E4C39FED1F0793E200FE3410 /* Resources */ = {
			isa = PBXResourcesBuildPhase;
			buildActionMask = 2147483647;
			files = (
				E434FF111F1F7FC0009FA822 /* ComposeViewController.xib in Resources */,
				E4C39FFD1F0793E200FE3410 /* LaunchScreen.storyboard in Resources */,
				E4C3A0951F0A699900FE3410 /* VistitorView.xib in Resources */,
				E4C3A0821F09F02D00FE3410 /* Message.storyboard in Resources */,
				E4B04FD71F108254004A318E /* PopoverViewController.xib in Resources */,
				E4B0501B1F13726B004A318E /* Assets.xcassets in Resources */,
				E4B0502D1F14C8C6004A318E /* WelcomeViewController.xib in Resources */,
				E4C39FF81F0793E200FE3410 /* Main.storyboard in Resources */,
				E434FF1D1F204A2B009FA822 /* PicPickerCell.xib in Resources */,
				E4B050201F137565004A318E /* OAuthViewController.xib in Resources */,
				E4C3A0801F09EFDF00FE3410 /* Home.storyboard in Resources */,
				E4C3A08A1F09F41A00FE3410 /* PlaceHolde.storyboard in Resources */,
				E4C3A0871F09F05400FE3410 /* Profile.storyboard in Resources */,
				E4C3A0851F09F04400FE3410 /* Discover.storyboard in Resources */,
			);
			runOnlyForDeploymentPostprocessing = 0;
		};
		E4C3A0011F0793E200FE3410 /* Resources */ = {
			isa = PBXResourcesBuildPhase;
			buildActionMask = 2147483647;
			files = (
			);
			runOnlyForDeploymentPostprocessing = 0;
		};
		E4C3A00C1F0793E200FE3410 /* Resources */ = {
			isa = PBXResourcesBuildPhase;
			buildActionMask = 2147483647;
			files = (
			);
			runOnlyForDeploymentPostprocessing = 0;
		};
/* End PBXResourcesBuildPhase section */

/* Begin PBXShellScriptBuildPhase section */
		3B9F33A7E46E2E2B5AEBD1EE /* [CP] Copy Pods Resources */ = {
			isa = PBXShellScriptBuildPhase;
			buildActionMask = 2147483647;
			files = (
			);
			inputPaths = (
			);
			name = "[CP] Copy Pods Resources";
			outputPaths = (
			);
			runOnlyForDeploymentPostprocessing = 0;
			shellPath = /bin/sh;
			shellScript = "\"${SRCROOT}/Pods/Target Support Files/Pods-Swift_SinaDemo/Pods-Swift_SinaDemo-resources.sh\"\n";
			showEnvVarsInLog = 0;
		};
		438B34FBA562F0EBFEA8881D /* [CP] Embed Pods Frameworks */ = {
			isa = PBXShellScriptBuildPhase;
			buildActionMask = 2147483647;
			files = (
			);
			inputPaths = (
			);
			name = "[CP] Embed Pods Frameworks";
			outputPaths = (
			);
			runOnlyForDeploymentPostprocessing = 0;
			shellPath = /bin/sh;
			shellScript = "\"${SRCROOT}/Pods/Target Support Files/Pods-Swift_SinaDemo/Pods-Swift_SinaDemo-frameworks.sh\"\n";
			showEnvVarsInLog = 0;
		};
		7AB6683EEF172AF4D70310FE /* [CP] Check Pods Manifest.lock */ = {
			isa = PBXShellScriptBuildPhase;
			buildActionMask = 2147483647;
			files = (
			);
			inputPaths = (
			);
			name = "[CP] Check Pods Manifest.lock";
			outputPaths = (
			);
			runOnlyForDeploymentPostprocessing = 0;
			shellPath = /bin/sh;
			shellScript = "diff \"${PODS_PODFILE_DIR_PATH}/Podfile.lock\" \"${PODS_ROOT}/Manifest.lock\" > /dev/null\nif [ $? != 0 ] ; then\n    # print error to STDERR\n    echo \"error: The sandbox is not in sync with the Podfile.lock. Run 'pod install' or update your CocoaPods installation.\" >&2\n    exit 1\nfi\n";
			showEnvVarsInLog = 0;
		};
/* End PBXShellScriptBuildPhase section */

/* Begin PBXSourcesBuildPhase section */
		E4C39FEB1F0793E200FE3410 /* Sources */ = {
			isa = PBXSourcesBuildPhase;
			buildActionMask = 2147483647;
			files = (
				E4B050221F13A24B004A318E /* Common.swift in Sources */,
				E4B0502C1F14C8C6004A318E /* WelcomeViewController.swift in Sources */,
				E434FF0C1F1C38FD009FA822 /* CollectionViewModel.swift in Sources */,
				E434FF191F204325009FA822 /* PicPickerCollectionView.swift in Sources */,
				E434FF1C1F204A2B009FA822 /* PicPickerCell.swift in Sources */,
				E4B050301F150570004A318E /* Status.swift in Sources */,
				E434FF131F1F8224009FA822 /* ComposeTitleView.swift in Sources */,
				E4B04FCF1F0FBC5B004A318E /* UIBarButtonItem-Extension.swift in Sources */,
				E4B050261F1450F7004A318E /* UserAccount.swift in Sources */,
				E4C3A0301F079E2E00FE3410 /* ProfileTableViewController.swift in Sources */,
				E4C3A08E1F0A295400FE3410 /* UIButton-Extension.swift in Sources */,
				E4B050281F14BA48004A318E /* UserAccountViewModel.swift in Sources */,
				E434FF101F1F7FC0009FA822 /* ComposeViewController.swift in Sources */,
				E4C3A0931F0A698E00FE3410 /* VistitorView.swift in Sources */,
				E4B0501F1F137565004A318E /* OAuthViewController.swift in Sources */,
				E4B04FD61F108254004A318E /* PopoverViewController.swift in Sources */,
				E4B04FD21F107657004A318E /* TitleButton.swift in Sources */,
				E4B050741F15D58D004A318E /* NSDate-Extension.swift in Sources */,
				E434FF151F1F8608009FA822 /* ComposeTextView.swift in Sources */,
				E4C3A0911F0A67CB00FE3410 /* BaseTableViewController.swift in Sources */,
				E4B050241F13B101004A318E /* NetworkTool.swift in Sources */,
				E4B04FD91F10B934004A318E /* PresentatinController.swift in Sources */,
				E4B050781F160C55004A318E /* StatusViewModel.swift in Sources */,
				E4B0507A1F161AFB004A318E /* HomeViewCell.swift in Sources */,
				E4B04FDB1F10D4F0004A318E /* PopoverAnimator.swift in Sources */,
				E4C3A02A1F079E0C00FE3410 /* HomeTableViewController.swift in Sources */,
				E4C39FF31F0793E200FE3410 /* AppDelegate.swift in Sources */,
				E4C3A02C1F079E1500FE3410 /* MessageTableViewController.swift in Sources */,
				E4C3A02E1F079E2600FE3410 /* DiscoverTableViewController.swift in Sources */,
				E4C3A0281F079D3600FE3410 /* MainViewController.swift in Sources */,
				E4B050761F15FB4C004A318E /* User.swift in Sources */,
			);
			runOnlyForDeploymentPostprocessing = 0;
		};
		E4C39FFF1F0793E200FE3410 /* Sources */ = {
			isa = PBXSourcesBuildPhase;
			buildActionMask = 2147483647;
			files = (
				E4C3A0081F0793E200FE3410 /* Swift_SinaDemoTests.swift in Sources */,
			);
			runOnlyForDeploymentPostprocessing = 0;
		};
		E4C3A00A1F0793E200FE3410 /* Sources */ = {
			isa = PBXSourcesBuildPhase;
			buildActionMask = 2147483647;
			files = (
				E4C3A0131F0793E200FE3410 /* Swift_SinaDemoUITests.swift in Sources */,
			);
			runOnlyForDeploymentPostprocessing = 0;
		};
/* End PBXSourcesBuildPhase section */

/* Begin PBXTargetDependency section */
		E4C3A0051F0793E200FE3410 /* PBXTargetDependency */ = {
			isa = PBXTargetDependency;
			target = E4C39FEE1F0793E200FE3410 /* Swift_SinaDemo */;
			targetProxy = E4C3A0041F0793E200FE3410 /* PBXContainerItemProxy */;
		};
		E4C3A0101F0793E200FE3410 /* PBXTargetDependency */ = {
			isa = PBXTargetDependency;
			target = E4C39FEE1F0793E200FE3410 /* Swift_SinaDemo */;
			targetProxy = E4C3A00F1F0793E200FE3410 /* PBXContainerItemProxy */;
		};
/* End PBXTargetDependency section */

/* Begin PBXVariantGroup section */
		E4C39FF61F0793E200FE3410 /* Main.storyboard */ = {
			isa = PBXVariantGroup;
			children = (
				E4C39FF71F0793E200FE3410 /* Base */,
			);
			name = Main.storyboard;
			sourceTree = "<group>";
		};
		E4C39FFB1F0793E200FE3410 /* LaunchScreen.storyboard */ = {
			isa = PBXVariantGroup;
			children = (
				E4C39FFC1F0793E200FE3410 /* Base */,
			);
			name = LaunchScreen.storyboard;
			sourceTree = "<group>";
		};
		E4C3A07E1F09EFDF00FE3410 /* Home.storyboard */ = {
			isa = PBXVariantGroup;
			children = (
				E4C3A07F1F09EFDF00FE3410 /* Base */,
			);
			name = Home.storyboard;
			path = ../..;
			sourceTree = "<group>";
		};
		E4C3A0831F09F04400FE3410 /* Discover.storyboard */ = {
			isa = PBXVariantGroup;
			children = (
				E4C3A0841F09F04400FE3410 /* Base */,
			);
			name = Discover.storyboard;
			path = ../..;
			sourceTree = "<group>";
		};
		E4C3A0881F09F41A00FE3410 /* PlaceHolde.storyboard */ = {
			isa = PBXVariantGroup;
			children = (
				E4C3A0891F09F41A00FE3410 /* Base */,
			);
			name = PlaceHolde.storyboard;
			path = ..;
			sourceTree = "<group>";
		};
/* End PBXVariantGroup section */

/* Begin XCBuildConfiguration section */
		E4C3A0151F0793E200FE3410 /* Debug */ = {
			isa = XCBuildConfiguration;
			buildSettings = {
				ALWAYS_SEARCH_USER_PATHS = NO;
				CLANG_ANALYZER_NONNULL = YES;
				CLANG_ANALYZER_NUMBER_OBJECT_CONVERSION = YES_AGGRESSIVE;
				CLANG_CXX_LANGUAGE_STANDARD = "gnu++0x";
				CLANG_CXX_LIBRARY = "libc++";
				CLANG_ENABLE_MODULES = YES;
				CLANG_ENABLE_OBJC_ARC = YES;
				CLANG_WARN_BOOL_CONVERSION = YES;
				CLANG_WARN_CONSTANT_CONVERSION = YES;
				CLANG_WARN_DIRECT_OBJC_ISA_USAGE = YES_ERROR;
				CLANG_WARN_DOCUMENTATION_COMMENTS = YES;
				CLANG_WARN_EMPTY_BODY = YES;
				CLANG_WARN_ENUM_CONVERSION = YES;
				CLANG_WARN_INFINITE_RECURSION = YES;
				CLANG_WARN_INT_CONVERSION = YES;
				CLANG_WARN_OBJC_ROOT_CLASS = YES_ERROR;
				CLANG_WARN_SUSPICIOUS_MOVE = YES;
				CLANG_WARN_UNREACHABLE_CODE = YES;
				CLANG_WARN__DUPLICATE_METHOD_MATCH = YES;
				"CODE_SIGN_IDENTITY[sdk=iphoneos*]" = "iPhone Developer";
				COPY_PHASE_STRIP = NO;
				DEBUG_INFORMATION_FORMAT = dwarf;
				ENABLE_STRICT_OBJC_MSGSEND = YES;
				ENABLE_TESTABILITY = YES;
				GCC_C_LANGUAGE_STANDARD = gnu99;
				GCC_DYNAMIC_NO_PIC = NO;
				GCC_NO_COMMON_BLOCKS = YES;
				GCC_OPTIMIZATION_LEVEL = 0;
				GCC_PREPROCESSOR_DEFINITIONS = (
					"DEBUG=1",
					"$(inherited)",
				);
				GCC_WARN_64_TO_32_BIT_CONVERSION = YES;
				GCC_WARN_ABOUT_RETURN_TYPE = YES_ERROR;
				GCC_WARN_UNDECLARED_SELECTOR = YES;
				GCC_WARN_UNINITIALIZED_AUTOS = YES_AGGRESSIVE;
				GCC_WARN_UNUSED_FUNCTION = YES;
				GCC_WARN_UNUSED_VARIABLE = YES;
				IPHONEOS_DEPLOYMENT_TARGET = 10.3;
				MTL_ENABLE_DEBUG_INFO = YES;
				ONLY_ACTIVE_ARCH = YES;
				SDKROOT = iphoneos;
				SWIFT_ACTIVE_COMPILATION_CONDITIONS = DEBUG;
				SWIFT_OPTIMIZATION_LEVEL = "-Onone";
			};
			name = Debug;
		};
		E4C3A0161F0793E200FE3410 /* Release */ = {
			isa = XCBuildConfiguration;
			buildSettings = {
				ALWAYS_SEARCH_USER_PATHS = NO;
				CLANG_ANALYZER_NONNULL = YES;
				CLANG_ANALYZER_NUMBER_OBJECT_CONVERSION = YES_AGGRESSIVE;
				CLANG_CXX_LANGUAGE_STANDARD = "gnu++0x";
				CLANG_CXX_LIBRARY = "libc++";
				CLANG_ENABLE_MODULES = YES;
				CLANG_ENABLE_OBJC_ARC = YES;
				CLANG_WARN_BOOL_CONVERSION = YES;
				CLANG_WARN_CONSTANT_CONVERSION = YES;
				CLANG_WARN_DIRECT_OBJC_ISA_USAGE = YES_ERROR;
				CLANG_WARN_DOCUMENTATION_COMMENTS = YES;
				CLANG_WARN_EMPTY_BODY = YES;
				CLANG_WARN_ENUM_CONVERSION = YES;
				CLANG_WARN_INFINITE_RECURSION = YES;
				CLANG_WARN_INT_CONVERSION = YES;
				CLANG_WARN_OBJC_ROOT_CLASS = YES_ERROR;
				CLANG_WARN_SUSPICIOUS_MOVE = YES;
				CLANG_WARN_UNREACHABLE_CODE = YES;
				CLANG_WARN__DUPLICATE_METHOD_MATCH = YES;
				"CODE_SIGN_IDENTITY[sdk=iphoneos*]" = "iPhone Developer";
				COPY_PHASE_STRIP = NO;
				DEBUG_INFORMATION_FORMAT = "dwarf-with-dsym";
				ENABLE_NS_ASSERTIONS = NO;
				ENABLE_STRICT_OBJC_MSGSEND = YES;
				GCC_C_LANGUAGE_STANDARD = gnu99;
				GCC_NO_COMMON_BLOCKS = YES;
				GCC_WARN_64_TO_32_BIT_CONVERSION = YES;
				GCC_WARN_ABOUT_RETURN_TYPE = YES_ERROR;
				GCC_WARN_UNDECLARED_SELECTOR = YES;
				GCC_WARN_UNINITIALIZED_AUTOS = YES_AGGRESSIVE;
				GCC_WARN_UNUSED_FUNCTION = YES;
				GCC_WARN_UNUSED_VARIABLE = YES;
				IPHONEOS_DEPLOYMENT_TARGET = 10.3;
				MTL_ENABLE_DEBUG_INFO = NO;
				SDKROOT = iphoneos;
				SWIFT_OPTIMIZATION_LEVEL = "-Owholemodule";
				VALIDATE_PRODUCT = YES;
			};
			name = Release;
		};
		E4C3A0181F0793E200FE3410 /* Debug */ = {
			isa = XCBuildConfiguration;
			baseConfigurationReference = C6E28178497DE2C5CB094C99 /* Pods-Swift_SinaDemo.debug.xcconfig */;
			buildSettings = {
				ASSETCATALOG_COMPILER_APPICON_NAME = AppIcon;
				ASSETCATALOG_COMPILER_LAUNCHIMAGE_NAME = LaunchImage;
				DEVELOPMENT_TEAM = 5TU5547C6N;
				INFOPLIST_FILE = Swift_SinaDemo/Info.plist;
				IPHONEOS_DEPLOYMENT_TARGET = 9.0;
				LD_RUNPATH_SEARCH_PATHS = "$(inherited) @executable_path/Frameworks";
				OTHER_SWIFT_FLAGS = "$(inherited)";
				"OTHER_SWIFT_FLAGS[arch=*]" = "-D DEBUG";
				PRODUCT_BUNDLE_IDENTIFIER = "com.chengbo.Swift-SinaDemo";
				PRODUCT_NAME = "$(TARGET_NAME)";
				SWIFT_VERSION = 3.0;
			};
			name = Debug;
		};
		E4C3A0191F0793E200FE3410 /* Release */ = {
			isa = XCBuildConfiguration;
			baseConfigurationReference = 4FF44213E741C426C64703AD /* Pods-Swift_SinaDemo.release.xcconfig */;
			buildSettings = {
				ASSETCATALOG_COMPILER_APPICON_NAME = AppIcon;
				ASSETCATALOG_COMPILER_LAUNCHIMAGE_NAME = LaunchImage;
				DEVELOPMENT_TEAM = 5TU5547C6N;
				INFOPLIST_FILE = Swift_SinaDemo/Info.plist;
				IPHONEOS_DEPLOYMENT_TARGET = 9.0;
				LD_RUNPATH_SEARCH_PATHS = "$(inherited) @executable_path/Frameworks";
				PRODUCT_BUNDLE_IDENTIFIER = "com.chengbo.Swift-SinaDemo";
				PRODUCT_NAME = "$(TARGET_NAME)";
				SWIFT_VERSION = 3.0;
			};
			name = Release;
		};
		E4C3A01B1F0793E200FE3410 /* Debug */ = {
			isa = XCBuildConfiguration;
			buildSettings = {
				ALWAYS_EMBED_SWIFT_STANDARD_LIBRARIES = YES;
				BUNDLE_LOADER = "$(TEST_HOST)";
				DEVELOPMENT_TEAM = 5TU5547C6N;
				INFOPLIST_FILE = Swift_SinaDemoTests/Info.plist;
				LD_RUNPATH_SEARCH_PATHS = "$(inherited) @executable_path/Frameworks @loader_path/Frameworks";
				PRODUCT_BUNDLE_IDENTIFIER = "com.chengbo.Swift-SinaDemoTests";
				PRODUCT_NAME = "$(TARGET_NAME)";
				SWIFT_VERSION = 3.0;
				TEST_HOST = "$(BUILT_PRODUCTS_DIR)/Swift_SinaDemo.app/Swift_SinaDemo";
			};
			name = Debug;
		};
		E4C3A01C1F0793E200FE3410 /* Release */ = {
			isa = XCBuildConfiguration;
			buildSettings = {
				ALWAYS_EMBED_SWIFT_STANDARD_LIBRARIES = YES;
				BUNDLE_LOADER = "$(TEST_HOST)";
				DEVELOPMENT_TEAM = 5TU5547C6N;
				INFOPLIST_FILE = Swift_SinaDemoTests/Info.plist;
				LD_RUNPATH_SEARCH_PATHS = "$(inherited) @executable_path/Frameworks @loader_path/Frameworks";
				PRODUCT_BUNDLE_IDENTIFIER = "com.chengbo.Swift-SinaDemoTests";
				PRODUCT_NAME = "$(TARGET_NAME)";
				SWIFT_VERSION = 3.0;
				TEST_HOST = "$(BUILT_PRODUCTS_DIR)/Swift_SinaDemo.app/Swift_SinaDemo";
			};
			name = Release;
		};
		E4C3A01E1F0793E200FE3410 /* Debug */ = {
			isa = XCBuildConfiguration;
			buildSettings = {
				ALWAYS_EMBED_SWIFT_STANDARD_LIBRARIES = YES;
				DEVELOPMENT_TEAM = 5TU5547C6N;
				INFOPLIST_FILE = Swift_SinaDemoUITests/Info.plist;
				LD_RUNPATH_SEARCH_PATHS = "$(inherited) @executable_path/Frameworks @loader_path/Frameworks";
				PRODUCT_BUNDLE_IDENTIFIER = "com.chengbo.Swift-SinaDemoUITests";
				PRODUCT_NAME = "$(TARGET_NAME)";
				SWIFT_VERSION = 3.0;
				TEST_TARGET_NAME = Swift_SinaDemo;
			};
			name = Debug;
		};
		E4C3A01F1F0793E200FE3410 /* Release */ = {
			isa = XCBuildConfiguration;
			buildSettings = {
				ALWAYS_EMBED_SWIFT_STANDARD_LIBRARIES = YES;
				DEVELOPMENT_TEAM = 5TU5547C6N;
				INFOPLIST_FILE = Swift_SinaDemoUITests/Info.plist;
				LD_RUNPATH_SEARCH_PATHS = "$(inherited) @executable_path/Frameworks @loader_path/Frameworks";
				PRODUCT_BUNDLE_IDENTIFIER = "com.chengbo.Swift-SinaDemoUITests";
				PRODUCT_NAME = "$(TARGET_NAME)";
				SWIFT_VERSION = 3.0;
				TEST_TARGET_NAME = Swift_SinaDemo;
			};
			name = Release;
		};
/* End XCBuildConfiguration section */

/* Begin XCConfigurationList section */
		E4C39FEA1F0793E200FE3410 /* Build configuration list for PBXProject "Swift_SinaDemo" */ = {
			isa = XCConfigurationList;
			buildConfigurations = (
				E4C3A0151F0793E200FE3410 /* Debug */,
				E4C3A0161F0793E200FE3410 /* Release */,
			);
			defaultConfigurationIsVisible = 0;
			defaultConfigurationName = Release;
		};
		E4C3A0171F0793E200FE3410 /* Build configuration list for PBXNativeTarget "Swift_SinaDemo" */ = {
			isa = XCConfigurationList;
			buildConfigurations = (
				E4C3A0181F0793E200FE3410 /* Debug */,
				E4C3A0191F0793E200FE3410 /* Release */,
			);
			defaultConfigurationIsVisible = 0;
			defaultConfigurationName = Release;
		};
		E4C3A01A1F0793E200FE3410 /* Build configuration list for PBXNativeTarget "Swift_SinaDemoTests" */ = {
			isa = XCConfigurationList;
			buildConfigurations = (
				E4C3A01B1F0793E200FE3410 /* Debug */,
				E4C3A01C1F0793E200FE3410 /* Release */,
			);
			defaultConfigurationIsVisible = 0;
			defaultConfigurationName = Release;
		};
		E4C3A01D1F0793E200FE3410 /* Build configuration list for PBXNativeTarget "Swift_SinaDemoUITests" */ = {
			isa = XCConfigurationList;
			buildConfigurations = (
				E4C3A01E1F0793E200FE3410 /* Debug */,
				E4C3A01F1F0793E200FE3410 /* Release */,
			);
			defaultConfigurationIsVisible = 0;
			defaultConfigurationName = Release;
		};
/* End XCConfigurationList section */
	};
	rootObject = E4C39FE71F0793E200FE3410 /* Project object */;
}
